
Microsoft Visual Studio Solution File, Format Version 12.00
# Visual Studio Version 17
VisualStudioVersion = 17.5.33424.131
MinimumVisualStudioVersion = 10.0.40219.1
Project("{FAE04EC0-301F-11D3-BF4B-00C04F79EFBC}") = "Selection Sort", "Selection Sort\Selection Sort.csproj", "{54D2B699-F0B1-4D2C-938C-6AC8500547FB}"
EndProject
Global
	GlobalSection(SolutionConfigurationPlatforms) = preSolution
		Debug|Any CPU = Debug|Any CPU
		Release|Any CPU = Release|Any CPU
	EndGlobalSection
	GlobalSection(ProjectConfigurationPlatforms) = postSolution
		{54D2B699-F0B1-4D2C-938C-6AC8500547FB}.Debug|Any CPU.ActiveCfg = Debug|Any CPU
		{54D2B699-F0B1-4D2C-938C-6AC8500547FB}.Debug|Any CPU.Build.0 = Debug|Any CPU
		{54D2B699-F0B1-4D2C-938C-6AC8500547FB}.Release|Any CPU.ActiveCfg = Release|Any CPU
		{54D2B699-F0B1-4D2C-938C-6AC8500547FB}.Release|Any CPU.Build.0 = Release|Any CPU
	EndGlobalSection
	GlobalSection(SolutionProperties) = preSolution
		HideSolutionNode = FALSE
	EndGlobalSection
	GlobalSection(ExtensibilityGlobals) = postSolution
		SolutionGuid = {EFEF2223-728C-41B8-BB85-57BA080063AB}
	EndGlobalSection
EndGlobal
